
Microsoft Visual Studio Solution File, Format Version 12.00
# Visual Studio Version 17
VisualStudioVersion = 17.14.36518.9
MinimumVisualStudioVersion = 10.0.40219.1
Project("{2150E333-8FDC-42A3-9474-1A3956D46DE8}") = "Task0", "Task0", "{02EA681E-C7D8-13C7-8484-4AC65E1B71E8}"
EndProject
Project("{FAE04EC0-301F-11D3-BF4B-00C04F79EFBC}") = "Tyuiu.BritovDS.Sprint3.Task0.V1", "Tyuiu.BritovDS.Sprint3.Task0.V1\Tyuiu.BritovDS.Sprint3.Task0.V1.csproj", "{C5FDC162-56F8-45E6-A558-C97FB452BEE6}"
EndProject
Project("{FAE04EC0-301F-11D3-BF4B-00C04F79EFBC}") = "Tyuiu.BritovDS.Sprint3.Task0.V1.Lib", "Tyuiu.BritovDS.Sprint3.Task0.V1.Lib\Tyuiu.BritovDS.Sprint3.Task0.V1.Lib.csproj", "{E2C218BF-DE7A-47A0-B783-8B519C1FB289}"
EndProject
Project("{FAE04EC0-301F-11D3-BF4B-00C04F79EFBC}") = "Tyuiu.BritovDS.Sprint3.Task0.V1.Test", "Tyuiu.BritovDS.Sprint3.Task0.V1.Test\Tyuiu.BritovDS.Sprint3.Task0.V1.Test.csproj", "{47E0CEF7-4390-4CAF-AA39-25CE1353DB17}"
EndProject
Project("{2150E333-8FDC-42A3-9474-1A3956D46DE8}") = "Task1", "Task1", "{2FFD3D91-5C73-4634-BE34-D204D7AA5CC7}"
EndProject
Project("{FAE04EC0-301F-11D3-BF4B-00C04F79EFBC}") = "Tyuiu.BritovDS.Sprint3.Task1.V30", "Tyuiu.BritovDS.Sprint3.Task1.V30\Tyuiu.BritovDS.Sprint3.Task1.V30.csproj", "{B2E4D621-6C9F-436D-A2D1-0466204519EB}"
EndProject
Project("{FAE04EC0-301F-11D3-BF4B-00C04F79EFBC}") = "Tyuiu.BritovDS.Sprint3.Task1.V30.Lib", "Tyuiu.BritovDS.Sprint3.Task1.V30.Lib\Tyuiu.BritovDS.Sprint3.Task1.V30.Lib.csproj", "{D742809E-E3C9-4F44-9E50-FB03F16DB775}"
EndProject
Project("{FAE04EC0-301F-11D3-BF4B-00C04F79EFBC}") = "Tyuiu.BritovDS.Sprint3.Task1.V30.Test", "Tyuiu.BritovDS.Sprint3.Task1.V30.Test\Tyuiu.BritovDS.Sprint3.Task1.V30.Test.csproj", "{70271BF1-AD9F-4887-B420-5867C4CB2F5F}"
EndProject
Project("{2150E333-8FDC-42A3-9474-1A3956D46DE8}") = "Task2", "Task2", "{D9FBCAAD-4F7F-4E6C-BFF8-D609F1F488A4}"
EndProject
Project("{FAE04EC0-301F-11D3-BF4B-00C04F79EFBC}") = "Tyuiu.BritovDS.Sprint3.Task2.V20", "Tyuiu.BritovDS.Sprint3.Task2.V20\Tyuiu.BritovDS.Sprint3.Task2.V20.csproj", "{0CDBDC24-8594-44FD-9197-AA7C926BC56E}"
EndProject
Project("{FAE04EC0-301F-11D3-BF4B-00C04F79EFBC}") = "Tyuiu.BritovDS.Sprint3.Task2.V20.Lib", "Tyuiu.BritovDS.Sprint3.Task2.V20.Lib\Tyuiu.BritovDS.Sprint3.Task2.V20.Lib.csproj", "{BD76294B-E4D6-4114-81A7-128B343B9CE5}"
EndProject
Project("{FAE04EC0-301F-11D3-BF4B-00C04F79EFBC}") = "Tyuiu.BritovDS.Sprint3.Task2.V20.Test", "Tyuiu.BritovDS.Sprint3.Task2.V20.Test\Tyuiu.BritovDS.Sprint3.Task2.V20.Test.csproj", "{D8F5EFF8-BE0B-4304-94EE-ED3B0DF6ED5F}"
EndProject
Project("{2150E333-8FDC-42A3-9474-1A3956D46DE8}") = "Task3", "Task3", "{E59B4B2F-5200-4CA6-A95F-5D31050356EC}"
EndProject
Project("{FAE04EC0-301F-11D3-BF4B-00C04F79EFBC}") = "Tyuiu.BritovDS.Sprint3.Task3.V28", "Tyuiu.BritovDS.Sprint3.Task3.V28\Tyuiu.BritovDS.Sprint3.Task3.V28.csproj", "{B12101FC-5926-B95D-7C77-EA319999C34C}"
EndProject
Project("{FAE04EC0-301F-11D3-BF4B-00C04F79EFBC}") = "Tyuiu.BritovDS.Sprint3.Task3.V28.Lib", "Tyuiu.BritovDS.Sprint3.Task3.V28.Lib\Tyuiu.BritovDS.Sprint3.Task3.V28.Lib.csproj", "{75E0DCA6-F0CA-89D8-15E1-06271412AB2A}"
EndProject
Project("{FAE04EC0-301F-11D3-BF4B-00C04F79EFBC}") = "Tyuiu.BritovDS.Sprint3.Task3.V28.Test", "Tyuiu.BritovDS.Sprint3.Task3.V28.Test\Tyuiu.BritovDS.Sprint3.Task3.V28.Test.csproj", "{103FA1A6-EFF3-4412-8A6F-E34803AD03FB}"
EndProject
Global
	GlobalSection(SolutionConfigurationPlatforms) = preSolution
		Debug|Any CPU = Debug|Any CPU
		Release|Any CPU = Release|Any CPU
	EndGlobalSection
	GlobalSection(ProjectConfigurationPlatforms) = postSolution
		{C5FDC162-56F8-45E6-A558-C97FB452BEE6}.Debug|Any CPU.ActiveCfg = Debug|Any CPU
		{C5FDC162-56F8-45E6-A558-C97FB452BEE6}.Debug|Any CPU.Build.0 = Debug|Any CPU
		{C5FDC162-56F8-45E6-A558-C97FB452BEE6}.Release|Any CPU.ActiveCfg = Release|Any CPU
		{C5FDC162-56F8-45E6-A558-C97FB452BEE6}.Release|Any CPU.Build.0 = Release|Any CPU
		{E2C218BF-DE7A-47A0-B783-8B519C1FB289}.Debug|Any CPU.ActiveCfg = Debug|Any CPU
		{E2C218BF-DE7A-47A0-B783-8B519C1FB289}.Debug|Any CPU.Build.0 = Debug|Any CPU
		{E2C218BF-DE7A-47A0-B783-8B519C1FB289}.Release|Any CPU.ActiveCfg = Release|Any CPU
		{E2C218BF-DE7A-47A0-B783-8B519C1FB289}.Release|Any CPU.Build.0 = Release|Any CPU
		{47E0CEF7-4390-4CAF-AA39-25CE1353DB17}.Debug|Any CPU.ActiveCfg = Debug|Any CPU
		{47E0CEF7-4390-4CAF-AA39-25CE1353DB17}.Debug|Any CPU.Build.0 = Debug|Any CPU
		{47E0CEF7-4390-4CAF-AA39-25CE1353DB17}.Release|Any CPU.ActiveCfg = Release|Any CPU
		{47E0CEF7-4390-4CAF-AA39-25CE1353DB17}.Release|Any CPU.Build.0 = Release|Any CPU
		{B2E4D621-6C9F-436D-A2D1-0466204519EB}.Debug|Any CPU.ActiveCfg = Debug|Any CPU
		{B2E4D621-6C9F-436D-A2D1-0466204519EB}.Debug|Any CPU.Build.0 = Debug|Any CPU
		{B2E4D621-6C9F-436D-A2D1-0466204519EB}.Release|Any CPU.ActiveCfg = Release|Any CPU
		{B2E4D621-6C9F-436D-A2D1-0466204519EB}.Release|Any CPU.Build.0 = Release|Any CPU
		{D742809E-E3C9-4F44-9E50-FB03F16DB775}.Debug|Any CPU.ActiveCfg = Debug|Any CPU
		{D742809E-E3C9-4F44-9E50-FB03F16DB775}.Debug|Any CPU.Build.0 = Debug|Any CPU
		{D742809E-E3C9-4F44-9E50-FB03F16DB775}.Release|Any CPU.ActiveCfg = Release|Any CPU
		{D742809E-E3C9-4F44-9E50-FB03F16DB775}.Release|Any CPU.Build.0 = Release|Any CPU
		{70271BF1-AD9F-4887-B420-5867C4CB2F5F}.Debug|Any CPU.ActiveCfg = Debug|Any CPU
		{70271BF1-AD9F-4887-B420-5867C4CB2F5F}.Debug|Any CPU.Build.0 = Debug|Any CPU
		{70271BF1-AD9F-4887-B420-5867C4CB2F5F}.Release|Any CPU.ActiveCfg = Release|Any CPU
		{70271BF1-AD9F-4887-B420-5867C4CB2F5F}.Release|Any CPU.Build.0 = Release|Any CPU
		{0CDBDC24-8594-44FD-9197-AA7C926BC56E}.Debug|Any CPU.ActiveCfg = Debug|Any CPU
		{0CDBDC24-8594-44FD-9197-AA7C926BC56E}.Debug|Any CPU.Build.0 = Debug|Any CPU
		{0CDBDC24-8594-44FD-9197-AA7C926BC56E}.Release|Any CPU.ActiveCfg = Release|Any CPU
		{0CDBDC24-8594-44FD-9197-AA7C926BC56E}.Release|Any CPU.Build.0 = Release|Any CPU
		{BD76294B-E4D6-4114-81A7-128B343B9CE5}.Debug|Any CPU.ActiveCfg = Debug|Any CPU
		{BD76294B-E4D6-4114-81A7-128B343B9CE5}.Debug|Any CPU.Build.0 = Debug|Any CPU
		{BD76294B-E4D6-4114-81A7-128B343B9CE5}.Release|Any CPU.ActiveCfg = Release|Any CPU
		{BD76294B-E4D6-4114-81A7-128B343B9CE5}.Release|Any CPU.Build.0 = Release|Any CPU
		{D8F5EFF8-BE0B-4304-94EE-ED3B0DF6ED5F}.Debug|Any CPU.ActiveCfg = Debug|Any CPU
		{D8F5EFF8-BE0B-4304-94EE-ED3B0DF6ED5F}.Debug|Any CPU.Build.0 = Debug|Any CPU
		{D8F5EFF8-BE0B-4304-94EE-ED3B0DF6ED5F}.Release|Any CPU.ActiveCfg = Release|Any CPU
		{D8F5EFF8-BE0B-4304-94EE-ED3B0DF6ED5F}.Release|Any CPU.Build.0 = Release|Any CPU
		{B12101FC-5926-B95D-7C77-EA319999C34C}.Debug|Any CPU.ActiveCfg = Debug|Any CPU
		{B12101FC-5926-B95D-7C77-EA319999C34C}.Debug|Any CPU.Build.0 = Debug|Any CPU
		{B12101FC-5926-B95D-7C77-EA319999C34C}.Release|Any CPU.ActiveCfg = Release|Any CPU
		{B12101FC-5926-B95D-7C77-EA319999C34C}.Release|Any CPU.Build.0 = Release|Any CPU
		{75E0DCA6-F0CA-89D8-15E1-06271412AB2A}.Debug|Any CPU.ActiveCfg = Debug|Any CPU
		{75E0DCA6-F0CA-89D8-15E1-06271412AB2A}.Debug|Any CPU.Build.0 = Debug|Any CPU
		{75E0DCA6-F0CA-89D8-15E1-06271412AB2A}.Release|Any CPU.ActiveCfg = Release|Any CPU
		{75E0DCA6-F0CA-89D8-15E1-06271412AB2A}.Release|Any CPU.Build.0 = Release|Any CPU
		{103FA1A6-EFF3-4412-8A6F-E34803AD03FB}.Debug|Any CPU.ActiveCfg = Debug|Any CPU
		{103FA1A6-EFF3-4412-8A6F-E34803AD03FB}.Debug|Any CPU.Build.0 = Debug|Any CPU
		{103FA1A6-EFF3-4412-8A6F-E34803AD03FB}.Release|Any CPU.ActiveCfg = Release|Any CPU
		{103FA1A6-EFF3-4412-8A6F-E34803AD03FB}.Release|Any CPU.Build.0 = Release|Any CPU
	EndGlobalSection
	GlobalSection(SolutionProperties) = preSolution
		HideSolutionNode = FALSE
	EndGlobalSection
	GlobalSection(NestedProjects) = preSolution
		{C5FDC162-56F8-45E6-A558-C97FB452BEE6} = {02EA681E-C7D8-13C7-8484-4AC65E1B71E8}
		{E2C218BF-DE7A-47A0-B783-8B519C1FB289} = {02EA681E-C7D8-13C7-8484-4AC65E1B71E8}
		{47E0CEF7-4390-4CAF-AA39-25CE1353DB17} = {02EA681E-C7D8-13C7-8484-4AC65E1B71E8}
		{B2E4D621-6C9F-436D-A2D1-0466204519EB} = {2FFD3D91-5C73-4634-BE34-D204D7AA5CC7}
		{D742809E-E3C9-4F44-9E50-FB03F16DB775} = {2FFD3D91-5C73-4634-BE34-D204D7AA5CC7}
		{70271BF1-AD9F-4887-B420-5867C4CB2F5F} = {2FFD3D91-5C73-4634-BE34-D204D7AA5CC7}
		{0CDBDC24-8594-44FD-9197-AA7C926BC56E} = {D9FBCAAD-4F7F-4E6C-BFF8-D609F1F488A4}
		{BD76294B-E4D6-4114-81A7-128B343B9CE5} = {D9FBCAAD-4F7F-4E6C-BFF8-D609F1F488A4}
		{D8F5EFF8-BE0B-4304-94EE-ED3B0DF6ED5F} = {D9FBCAAD-4F7F-4E6C-BFF8-D609F1F488A4}
		{B12101FC-5926-B95D-7C77-EA319999C34C} = {E59B4B2F-5200-4CA6-A95F-5D31050356EC}
		{75E0DCA6-F0CA-89D8-15E1-06271412AB2A} = {E59B4B2F-5200-4CA6-A95F-5D31050356EC}
		{103FA1A6-EFF3-4412-8A6F-E34803AD03FB} = {E59B4B2F-5200-4CA6-A95F-5D31050356EC}
	EndGlobalSection
	GlobalSection(ExtensibilityGlobals) = postSolution
		SolutionGuid = {DFB38FE0-0578-4B76-B839-31E7325F5C3A}
	EndGlobalSection
EndGlobal
